
Microsoft Visual Studio Solution File, Format Version 12.00
# Visual Studio Version 17
VisualStudioVersion = 17.14.36705.20 d17.14
MinimumVisualStudioVersion = 10.0.40219.1
Project("{FAE04EC0-301F-11D3-BF4B-00C04F79EFBC}") = "Laboratorio201", "Laboratorio201\Laboratorio201.csproj", "{F57358BB-1B63-4C28-BC31-E1D1650FD8F9}"
EndProject
Project("{FAE04EC0-301F-11D3-BF4B-00C04F79EFBC}") = "202", "202\202.csproj", "{A0F2DCEE-5B57-4679-BC1B-FDF2BA3AEFF5}"
EndProject
Project("{FAE04EC0-301F-11D3-BF4B-00C04F79EFBC}") = "Laboratorio203", "Laboratorio203\Laboratorio203.csproj", "{9480B3B9-646D-43BC-B4CA-5497D9ADB224}"
EndProject
Global
	GlobalSection(SolutionConfigurationPlatforms) = preSolution
		Debug|Any CPU = Debug|Any CPU
		Release|Any CPU = Release|Any CPU
	EndGlobalSection
	GlobalSection(ProjectConfigurationPlatforms) = postSolution
		{F57358BB-1B63-4C28-BC31-E1D1650FD8F9}.Debug|Any CPU.ActiveCfg = Debug|Any CPU
		{F57358BB-1B63-4C28-BC31-E1D1650FD8F9}.Debug|Any CPU.Build.0 = Debug|Any CPU
		{F57358BB-1B63-4C28-BC31-E1D1650FD8F9}.Release|Any CPU.ActiveCfg = Release|Any CPU
		{F57358BB-1B63-4C28-BC31-E1D1650FD8F9}.Release|Any CPU.Build.0 = Release|Any CPU
		{A0F2DCEE-5B57-4679-BC1B-FDF2BA3AEFF5}.Debug|Any CPU.ActiveCfg = Debug|Any CPU
		{A0F2DCEE-5B57-4679-BC1B-FDF2BA3AEFF5}.Debug|Any CPU.Build.0 = Debug|Any CPU
		{A0F2DCEE-5B57-4679-BC1B-FDF2BA3AEFF5}.Release|Any CPU.ActiveCfg = Release|Any CPU
		{A0F2DCEE-5B57-4679-BC1B-FDF2BA3AEFF5}.Release|Any CPU.Build.0 = Release|Any CPU
		{9480B3B9-646D-43BC-B4CA-5497D9ADB224}.Debug|Any CPU.ActiveCfg = Debug|Any CPU
		{9480B3B9-646D-43BC-B4CA-5497D9ADB224}.Debug|Any CPU.Build.0 = Debug|Any CPU
		{9480B3B9-646D-43BC-B4CA-5497D9ADB224}.Release|Any CPU.ActiveCfg = Release|Any CPU
		{9480B3B9-646D-43BC-B4CA-5497D9ADB224}.Release|Any CPU.Build.0 = Release|Any CPU
	EndGlobalSection
	GlobalSection(SolutionProperties) = preSolution
		HideSolutionNode = FALSE
	EndGlobalSection
	GlobalSection(ExtensibilityGlobals) = postSolution
		SolutionGuid = {25F83510-71FE-4EB9-9661-9B0E188D4CDD}
	EndGlobalSection
EndGlobal
