
Microsoft Visual Studio Solution File, Format Version 12.00
# Visual Studio Version 17
VisualStudioVersion = 17.14.36414.22 d17.14
MinimumVisualStudioVersion = 10.0.40219.1
Project("{FAE04EC0-301F-11D3-BF4B-00C04F79EFBC}") = "Laboratorio4", "Laboratorio4\Laboratorio4.csproj", "{436F5740-F5EB-42F7-9B94-68532689DBE2}"
EndProject
Global
	GlobalSection(SolutionConfigurationPlatforms) = preSolution
		Debug|Any CPU = Debug|Any CPU
		Release|Any CPU = Release|Any CPU
	EndGlobalSection
	GlobalSection(ProjectConfigurationPlatforms) = postSolution
		{436F5740-F5EB-42F7-9B94-68532689DBE2}.Debug|Any CPU.ActiveCfg = Debug|Any CPU
		{436F5740-F5EB-42F7-9B94-68532689DBE2}.Debug|Any CPU.Build.0 = Debug|Any CPU
		{436F5740-F5EB-42F7-9B94-68532689DBE2}.Release|Any CPU.ActiveCfg = Release|Any CPU
		{436F5740-F5EB-42F7-9B94-68532689DBE2}.Release|Any CPU.Build.0 = Release|Any CPU
	EndGlobalSection
	GlobalSection(SolutionProperties) = preSolution
		HideSolutionNode = FALSE
	EndGlobalSection
	GlobalSection(ExtensibilityGlobals) = postSolution
		SolutionGuid = {F97E04BE-720E-4B9F-8510-F3EF11417EE2}
	EndGlobalSection
EndGlobal
