
Microsoft Visual Studio Solution File, Format Version 12.00
# Visual Studio Version 17
VisualStudioVersion = 17.14.36414.22 d17.14
MinimumVisualStudioVersion = 10.0.40219.1
Project("{FAE04EC0-301F-11D3-BF4B-00C04F79EFBC}") = "Laboratorio2", "Laboratorio2\Laboratorio2.csproj", "{D4308106-B6BC-4D46-A4D6-7EB9F2730616}"
EndProject
Global
	GlobalSection(SolutionConfigurationPlatforms) = preSolution
		Debug|Any CPU = Debug|Any CPU
		Release|Any CPU = Release|Any CPU
	EndGlobalSection
	GlobalSection(ProjectConfigurationPlatforms) = postSolution
		{D4308106-B6BC-4D46-A4D6-7EB9F2730616}.Debug|Any CPU.ActiveCfg = Debug|Any CPU
		{D4308106-B6BC-4D46-A4D6-7EB9F2730616}.Debug|Any CPU.Build.0 = Debug|Any CPU
		{D4308106-B6BC-4D46-A4D6-7EB9F2730616}.Release|Any CPU.ActiveCfg = Release|Any CPU
		{D4308106-B6BC-4D46-A4D6-7EB9F2730616}.Release|Any CPU.Build.0 = Release|Any CPU
	EndGlobalSection
	GlobalSection(SolutionProperties) = preSolution
		HideSolutionNode = FALSE
	EndGlobalSection
	GlobalSection(ExtensibilityGlobals) = postSolution
		SolutionGuid = {094E54D4-18F8-4ED5-9223-A778B5AD70B8}
	EndGlobalSection
EndGlobal
