
Microsoft Visual Studio Solution File, Format Version 12.00
# Visual Studio Version 17
VisualStudioVersion = 17.14.36414.22 d17.14
MinimumVisualStudioVersion = 10.0.40219.1
Project("{FAE04EC0-301F-11D3-BF4B-00C04F79EFBC}") = "Laboratorio101", "Laboratorio101\Laboratorio101.csproj", "{27E4B907-EADD-4519-8ADE-EB122DC364DE}"
EndProject
Global
	GlobalSection(SolutionConfigurationPlatforms) = preSolution
		Debug|Any CPU = Debug|Any CPU
		Release|Any CPU = Release|Any CPU
	EndGlobalSection
	GlobalSection(ProjectConfigurationPlatforms) = postSolution
		{27E4B907-EADD-4519-8ADE-EB122DC364DE}.Debug|Any CPU.ActiveCfg = Debug|Any CPU
		{27E4B907-EADD-4519-8ADE-EB122DC364DE}.Debug|Any CPU.Build.0 = Debug|Any CPU
		{27E4B907-EADD-4519-8ADE-EB122DC364DE}.Release|Any CPU.ActiveCfg = Release|Any CPU
		{27E4B907-EADD-4519-8ADE-EB122DC364DE}.Release|Any CPU.Build.0 = Release|Any CPU
	EndGlobalSection
	GlobalSection(SolutionProperties) = preSolution
		HideSolutionNode = FALSE
	EndGlobalSection
	GlobalSection(ExtensibilityGlobals) = postSolution
		SolutionGuid = {4BEE71A8-7645-4563-83D3-012C0333D249}
	EndGlobalSection
EndGlobal
