
Microsoft Visual Studio Solution File, Format Version 12.00
# Visual Studio Version 17
VisualStudioVersion = 17.14.36414.22 d17.14
MinimumVisualStudioVersion = 10.0.40219.1
<<<<<<< HEAD
Project("{F184B08F-C81C-45F6-A57F-5ABD9991F28F}") = "Laboratorio101", "Laboratorio101\Laboratorio101.vbproj", "{C928E635-6B33-44FE-B514-D49C0D68ECA1}"
EndProject
Project("{F184B08F-C81C-45F6-A57F-5ABD9991F28F}") = "Laboratorio102", "Laboratorio102\Laboratorio102.vbproj", "{1E6DC2CF-CC4E-4DDF-AEB9-51D813FF76F2}"
EndProject
Project("{F184B08F-C81C-45F6-A57F-5ABD9991F28F}") = "Laboratorio103", "Laboratorio103\Laboratorio103.vbproj", "{00F0DCD5-CB6D-44C0-9B1E-E0150B24E493}"
EndProject
Project("{F184B08F-C81C-45F6-A57F-5ABD9991F28F}") = "Laboratorio104", "Laboratorio104\Laboratorio104.vbproj", "{22320B4B-891F-4FA8-B796-4742812DE1A0}"
=======
Project("{FAE04EC0-301F-11D3-BF4B-00C04F79EFBC}") = "Laboratorio101", "Laboratorio101\Laboratorio101.csproj", "{27E4B907-EADD-4519-8ADE-EB122DC364DE}"
>>>>>>> 564d94281312f9ef31fd74f5d042a6c5207745a9
EndProject
Global
	GlobalSection(SolutionConfigurationPlatforms) = preSolution
		Debug|Any CPU = Debug|Any CPU
		Release|Any CPU = Release|Any CPU
	EndGlobalSection
	GlobalSection(ProjectConfigurationPlatforms) = postSolution
<<<<<<< HEAD
		{C928E635-6B33-44FE-B514-D49C0D68ECA1}.Debug|Any CPU.ActiveCfg = Debug|Any CPU
		{C928E635-6B33-44FE-B514-D49C0D68ECA1}.Debug|Any CPU.Build.0 = Debug|Any CPU
		{C928E635-6B33-44FE-B514-D49C0D68ECA1}.Release|Any CPU.ActiveCfg = Release|Any CPU
		{C928E635-6B33-44FE-B514-D49C0D68ECA1}.Release|Any CPU.Build.0 = Release|Any CPU
		{1E6DC2CF-CC4E-4DDF-AEB9-51D813FF76F2}.Debug|Any CPU.ActiveCfg = Debug|Any CPU
		{1E6DC2CF-CC4E-4DDF-AEB9-51D813FF76F2}.Debug|Any CPU.Build.0 = Debug|Any CPU
		{1E6DC2CF-CC4E-4DDF-AEB9-51D813FF76F2}.Release|Any CPU.ActiveCfg = Release|Any CPU
		{1E6DC2CF-CC4E-4DDF-AEB9-51D813FF76F2}.Release|Any CPU.Build.0 = Release|Any CPU
		{00F0DCD5-CB6D-44C0-9B1E-E0150B24E493}.Debug|Any CPU.ActiveCfg = Debug|Any CPU
		{00F0DCD5-CB6D-44C0-9B1E-E0150B24E493}.Debug|Any CPU.Build.0 = Debug|Any CPU
		{00F0DCD5-CB6D-44C0-9B1E-E0150B24E493}.Release|Any CPU.ActiveCfg = Release|Any CPU
		{00F0DCD5-CB6D-44C0-9B1E-E0150B24E493}.Release|Any CPU.Build.0 = Release|Any CPU
		{22320B4B-891F-4FA8-B796-4742812DE1A0}.Debug|Any CPU.ActiveCfg = Debug|Any CPU
		{22320B4B-891F-4FA8-B796-4742812DE1A0}.Debug|Any CPU.Build.0 = Debug|Any CPU
		{22320B4B-891F-4FA8-B796-4742812DE1A0}.Release|Any CPU.ActiveCfg = Release|Any CPU
		{22320B4B-891F-4FA8-B796-4742812DE1A0}.Release|Any CPU.Build.0 = Release|Any CPU
=======
		{27E4B907-EADD-4519-8ADE-EB122DC364DE}.Debug|Any CPU.ActiveCfg = Debug|Any CPU
		{27E4B907-EADD-4519-8ADE-EB122DC364DE}.Debug|Any CPU.Build.0 = Debug|Any CPU
		{27E4B907-EADD-4519-8ADE-EB122DC364DE}.Release|Any CPU.ActiveCfg = Release|Any CPU
		{27E4B907-EADD-4519-8ADE-EB122DC364DE}.Release|Any CPU.Build.0 = Release|Any CPU
>>>>>>> 564d94281312f9ef31fd74f5d042a6c5207745a9
	EndGlobalSection
	GlobalSection(SolutionProperties) = preSolution
		HideSolutionNode = FALSE
	EndGlobalSection
	GlobalSection(ExtensibilityGlobals) = postSolution
<<<<<<< HEAD
		SolutionGuid = {507607D2-214D-43A1-BD38-EC899749F8B9}
=======
		SolutionGuid = {4BEE71A8-7645-4563-83D3-012C0333D249}
>>>>>>> 564d94281312f9ef31fd74f5d042a6c5207745a9
	EndGlobalSection
EndGlobal
