
Microsoft Visual Studio Solution File, Format Version 12.00
# Visual Studio Version 17
VisualStudioVersion = 17.14.36623.8
MinimumVisualStudioVersion = 10.0.40219.1
Project("{FAE04EC0-301F-11D3-BF4B-00C04F79EFBC}") = "Laboratorio151", "Laboratorio151\Laboratorio151.csproj", "{A570B628-2FF1-4092-923E-7FCD91887ADC}"
EndProject
Project("{FAE04EC0-301F-11D3-BF4B-00C04F79EFBC}") = "Laboratorio152", "Laboratorio152\Laboratorio152.csproj", "{2C357246-F4A3-4A9C-AF38-75B1C052A8FF}"
EndProject
Project("{FAE04EC0-301F-11D3-BF4B-00C04F79EFBC}") = "Laboratorio153", "Laboratorio153\Laboratorio153.csproj", "{3E06C920-1A8D-4DF6-88E8-843300EA0DA2}"
EndProject
Project("{FAE04EC0-301F-11D3-BF4B-00C04F79EFBC}") = "Laboratorio154", "Laboratorio154\Laboratorio154.csproj", "{DFC91405-EA27-40E8-8244-DF56127CA9DF}"
EndProject
Global
	GlobalSection(SolutionConfigurationPlatforms) = preSolution
		Debug|Any CPU = Debug|Any CPU
		Release|Any CPU = Release|Any CPU
	EndGlobalSection
	GlobalSection(ProjectConfigurationPlatforms) = postSolution
		{A570B628-2FF1-4092-923E-7FCD91887ADC}.Debug|Any CPU.ActiveCfg = Debug|Any CPU
		{A570B628-2FF1-4092-923E-7FCD91887ADC}.Debug|Any CPU.Build.0 = Debug|Any CPU
		{A570B628-2FF1-4092-923E-7FCD91887ADC}.Release|Any CPU.ActiveCfg = Release|Any CPU
		{A570B628-2FF1-4092-923E-7FCD91887ADC}.Release|Any CPU.Build.0 = Release|Any CPU
		{2C357246-F4A3-4A9C-AF38-75B1C052A8FF}.Debug|Any CPU.ActiveCfg = Debug|Any CPU
		{2C357246-F4A3-4A9C-AF38-75B1C052A8FF}.Debug|Any CPU.Build.0 = Debug|Any CPU
		{2C357246-F4A3-4A9C-AF38-75B1C052A8FF}.Release|Any CPU.ActiveCfg = Release|Any CPU
		{2C357246-F4A3-4A9C-AF38-75B1C052A8FF}.Release|Any CPU.Build.0 = Release|Any CPU
		{3E06C920-1A8D-4DF6-88E8-843300EA0DA2}.Debug|Any CPU.ActiveCfg = Debug|Any CPU
		{3E06C920-1A8D-4DF6-88E8-843300EA0DA2}.Debug|Any CPU.Build.0 = Debug|Any CPU
		{3E06C920-1A8D-4DF6-88E8-843300EA0DA2}.Release|Any CPU.ActiveCfg = Release|Any CPU
		{3E06C920-1A8D-4DF6-88E8-843300EA0DA2}.Release|Any CPU.Build.0 = Release|Any CPU
		{DFC91405-EA27-40E8-8244-DF56127CA9DF}.Debug|Any CPU.ActiveCfg = Debug|Any CPU
		{DFC91405-EA27-40E8-8244-DF56127CA9DF}.Debug|Any CPU.Build.0 = Debug|Any CPU
		{DFC91405-EA27-40E8-8244-DF56127CA9DF}.Release|Any CPU.ActiveCfg = Release|Any CPU
		{DFC91405-EA27-40E8-8244-DF56127CA9DF}.Release|Any CPU.Build.0 = Release|Any CPU
	EndGlobalSection
	GlobalSection(SolutionProperties) = preSolution
		HideSolutionNode = FALSE
	EndGlobalSection
	GlobalSection(ExtensibilityGlobals) = postSolution
		SolutionGuid = {F058564E-46A5-4DEE-B8F3-FBFE1B426D7C}
	EndGlobalSection
EndGlobal
